
Microsoft Visual Studio Solution File, Format Version 12.00
# Visual Studio Version 17
VisualStudioVersion = 17.14.36414.22 d17.14
MinimumVisualStudioVersion = 10.0.40219.1
Project("{FAE04EC0-301F-11D3-BF4B-00C04F79EFBC}") = "Reserva_puesto_avion", "Reserva_puesto_avion.csproj", "{38954689-457A-44D8-AC7E-3929E7D72C01}"
EndProject
Global
	GlobalSection(SolutionConfigurationPlatforms) = preSolution
		Debug|Any CPU = Debug|Any CPU
		Release|Any CPU = Release|Any CPU
	EndGlobalSection
	GlobalSection(ProjectConfigurationPlatforms) = postSolution
		{38954689-457A-44D8-AC7E-3929E7D72C01}.Debug|Any CPU.ActiveCfg = Debug|Any CPU
		{38954689-457A-44D8-AC7E-3929E7D72C01}.Debug|Any CPU.Build.0 = Debug|Any CPU
		{38954689-457A-44D8-AC7E-3929E7D72C01}.Release|Any CPU.ActiveCfg = Release|Any CPU
		{38954689-457A-44D8-AC7E-3929E7D72C01}.Release|Any CPU.Build.0 = Release|Any CPU
	EndGlobalSection
	GlobalSection(SolutionProperties) = preSolution
		HideSolutionNode = FALSE
	EndGlobalSection
	GlobalSection(ExtensibilityGlobals) = postSolution
		SolutionGuid = {D7BEAF0C-53E0-4311-A20F-038998A739E8}
	EndGlobalSection
EndGlobal
